
Microsoft Visual Studio Solution File, Format Version 12.00
# Visual Studio Version 16
VisualStudioVersion = 16.0.31729.503
MinimumVisualStudioVersion = 10.0.40219.1
Project("{FAE04EC0-301F-11D3-BF4B-00C04F79EFBC}") = "MajsterAppV2.Android", "MajsterAppV2\MajsterAppV2.Android\MajsterAppV2.Android.csproj", "{B8BE5C54-3DAA-4538-9563-FB843DE4E724}"
EndProject
Project("{FAE04EC0-301F-11D3-BF4B-00C04F79EFBC}") = "MajsterAppV2", "MajsterAppV2\MajsterAppV2\MajsterAppV2.csproj", "{74EA0AC7-E19A-4FAC-8F71-22EFDB0E227F}"
EndProject
Global
	GlobalSection(SolutionConfigurationPlatforms) = preSolution
		Debug|Any CPU = Debug|Any CPU
		Release|Any CPU = Release|Any CPU
	EndGlobalSection
	GlobalSection(ProjectConfigurationPlatforms) = postSolution
		{B8BE5C54-3DAA-4538-9563-FB843DE4E724}.Debug|Any CPU.ActiveCfg = Debug|Any CPU
		{B8BE5C54-3DAA-4538-9563-FB843DE4E724}.Debug|Any CPU.Build.0 = Debug|Any CPU
		{B8BE5C54-3DAA-4538-9563-FB843DE4E724}.Debug|Any CPU.Deploy.0 = Debug|Any CPU
		{B8BE5C54-3DAA-4538-9563-FB843DE4E724}.Release|Any CPU.ActiveCfg = Release|Any CPU
		{B8BE5C54-3DAA-4538-9563-FB843DE4E724}.Release|Any CPU.Build.0 = Release|Any CPU
		{B8BE5C54-3DAA-4538-9563-FB843DE4E724}.Release|Any CPU.Deploy.0 = Release|Any CPU
		{74EA0AC7-E19A-4FAC-8F71-22EFDB0E227F}.Debug|Any CPU.ActiveCfg = Debug|Any CPU
		{74EA0AC7-E19A-4FAC-8F71-22EFDB0E227F}.Debug|Any CPU.Build.0 = Debug|Any CPU
		{74EA0AC7-E19A-4FAC-8F71-22EFDB0E227F}.Debug|Any CPU.Deploy.0 = Debug|Any CPU
		{74EA0AC7-E19A-4FAC-8F71-22EFDB0E227F}.Release|Any CPU.ActiveCfg = Release|Any CPU
		{74EA0AC7-E19A-4FAC-8F71-22EFDB0E227F}.Release|Any CPU.Build.0 = Release|Any CPU
		{74EA0AC7-E19A-4FAC-8F71-22EFDB0E227F}.Release|Any CPU.Deploy.0 = Release|Any CPU
	EndGlobalSection
	GlobalSection(SolutionProperties) = preSolution
		HideSolutionNode = FALSE
	EndGlobalSection
	GlobalSection(ExtensibilityGlobals) = postSolution
		SolutionGuid = {62D6330A-ED98-4676-A8D3-A910DCC9B49F}
	EndGlobalSection
EndGlobal
